
Microsoft Visual Studio Solution File, Format Version 12.00
# Visual Studio Version 17
VisualStudioVersion = 17.4.33205.214
MinimumVisualStudioVersion = 10.0.40219.1
Project("{8BC9CEB8-8B4A-11D0-8D11-00A0C91BC942}") = "Static peremen-e", "Static peremen-e\Static peremen-e.vcxproj", "{C7BC7E90-C46E-4B42-AA46-2A6E736F75FD}"
EndProject
Global
	GlobalSection(SolutionConfigurationPlatforms) = preSolution
		Debug|x64 = Debug|x64
		Debug|x86 = Debug|x86
		Release|x64 = Release|x64
		Release|x86 = Release|x86
	EndGlobalSection
	GlobalSection(ProjectConfigurationPlatforms) = postSolution
		{C7BC7E90-C46E-4B42-AA46-2A6E736F75FD}.Debug|x64.ActiveCfg = Debug|x64
		{C7BC7E90-C46E-4B42-AA46-2A6E736F75FD}.Debug|x64.Build.0 = Debug|x64
		{C7BC7E90-C46E-4B42-AA46-2A6E736F75FD}.Debug|x86.ActiveCfg = Debug|Win32
		{C7BC7E90-C46E-4B42-AA46-2A6E736F75FD}.Debug|x86.Build.0 = Debug|Win32
		{C7BC7E90-C46E-4B42-AA46-2A6E736F75FD}.Release|x64.ActiveCfg = Release|x64
		{C7BC7E90-C46E-4B42-AA46-2A6E736F75FD}.Release|x64.Build.0 = Release|x64
		{C7BC7E90-C46E-4B42-AA46-2A6E736F75FD}.Release|x86.ActiveCfg = Release|Win32
		{C7BC7E90-C46E-4B42-AA46-2A6E736F75FD}.Release|x86.Build.0 = Release|Win32
	EndGlobalSection
	GlobalSection(SolutionProperties) = preSolution
		HideSolutionNode = FALSE
	EndGlobalSection
	GlobalSection(ExtensibilityGlobals) = postSolution
		SolutionGuid = {AAAB0DE9-6971-4D52-9CA4-CC9B69EEFCF8}
	EndGlobalSection
EndGlobal
